
Microsoft Visual Studio Solution File, Format Version 12.00
# Visual Studio 14
VisualStudioVersion = 14.0.25420.1
MinimumVisualStudioVersion = 10.0.40219.1
Project("{8BC9CEB8-8B4A-11D0-8D11-00A0C91BC942}") = "pct_test", "pct_test\pct_test.vcxproj", "{2D39115B-68E3-4924-A2D9-0D98BD3EBF07}"
EndProject
Global
	GlobalSection(SolutionConfigurationPlatforms) = preSolution
		Debug|x64 = Debug|x64
		Debug|x86 = Debug|x86
		Release|x64 = Release|x64
		Release|x86 = Release|x86
	EndGlobalSection
	GlobalSection(ProjectConfigurationPlatforms) = postSolution
		{2D39115B-68E3-4924-A2D9-0D98BD3EBF07}.Debug|x64.ActiveCfg = Debug|x64
		{2D39115B-68E3-4924-A2D9-0D98BD3EBF07}.Debug|x64.Build.0 = Debug|x64
		{2D39115B-68E3-4924-A2D9-0D98BD3EBF07}.Debug|x86.ActiveCfg = Debug|Win32
		{2D39115B-68E3-4924-A2D9-0D98BD3EBF07}.Debug|x86.Build.0 = Debug|Win32
		{2D39115B-68E3-4924-A2D9-0D98BD3EBF07}.Release|x64.ActiveCfg = Release|x64
		{2D39115B-68E3-4924-A2D9-0D98BD3EBF07}.Release|x64.Build.0 = Release|x64
		{2D39115B-68E3-4924-A2D9-0D98BD3EBF07}.Release|x86.ActiveCfg = Release|Win32
		{2D39115B-68E3-4924-A2D9-0D98BD3EBF07}.Release|x86.Build.0 = Release|Win32
	EndGlobalSection
	GlobalSection(SolutionProperties) = preSolution
		HideSolutionNode = FALSE
	EndGlobalSection
EndGlobal
